Microsoft Visual Studio Solution File, Format Version 11.00
# Visual Studio 2010
Project("{8BC9CEB8-8B4A-11D0-8D11-00A0C91BC942}") = "SerialSend", "SerialSend.vcxproj", "{7D38CA7B-1595-4AEA-B7E1-1557EE4E5157}"
EndProject
Global
	GlobalSection(SolutionConfigurationPlatforms) = preSolution
		A308Pro Debug|Win32 = A308Pro Debug|Win32
		A308Pro Release|Win32 = A308Pro Release|Win32
		A308Pro|Win32 = A308Pro|Win32
		Aligner202 Debug|Win32 = Aligner202 Debug|Win32
		Debug|Win32 = Debug|Win32
		Release|Win32 = Release|Win32
		Template|Win32 = Template|Win32
	EndGlobalSection
	GlobalSection(ProjectConfigurationPlatforms) = postSolution
		{7D38CA7B-1595-4AEA-B7E1-1557EE4E5157}.A308Pro Debug|Win32.ActiveCfg = A308Pro Debug|Win32
		{7D38CA7B-1595-4AEA-B7E1-1557EE4E5157}.A308Pro Debug|Win32.Build.0 = A308Pro Debug|Win32
		{7D38CA7B-1595-4AEA-B7E1-1557EE4E5157}.A308Pro Release|Win32.ActiveCfg = A308Pro Release|Win32
		{7D38CA7B-1595-4AEA-B7E1-1557EE4E5157}.A308Pro Release|Win32.Build.0 = A308Pro Release|Win32
		{7D38CA7B-1595-4AEA-B7E1-1557EE4E5157}.A308Pro|Win32.ActiveCfg = A308Pro|Win32
		{7D38CA7B-1595-4AEA-B7E1-1557EE4E5157}.A308Pro|Win32.Build.0 = A308Pro|Win32
		{7D38CA7B-1595-4AEA-B7E1-1557EE4E5157}.Aligner202 Debug|Win32.ActiveCfg = Aligner202 Debug|Win32
		{7D38CA7B-1595-4AEA-B7E1-1557EE4E5157}.Aligner202 Debug|Win32.Build.0 = Aligner202 Debug|Win32
		{7D38CA7B-1595-4AEA-B7E1-1557EE4E5157}.Debug|Win32.ActiveCfg = Debug|Win32
		{7D38CA7B-1595-4AEA-B7E1-1557EE4E5157}.Debug|Win32.Build.0 = Debug|Win32
		{7D38CA7B-1595-4AEA-B7E1-1557EE4E5157}.Release|Win32.ActiveCfg = Release|Win32
		{7D38CA7B-1595-4AEA-B7E1-1557EE4E5157}.Release|Win32.Build.0 = Release|Win32
		{7D38CA7B-1595-4AEA-B7E1-1557EE4E5157}.Template|Win32.ActiveCfg = Template|Win32
		{7D38CA7B-1595-4AEA-B7E1-1557EE4E5157}.Template|Win32.Build.0 = Template|Win32
	EndGlobalSection
	GlobalSection(SolutionProperties) = preSolution
		HideSolutionNode = FALSE
	EndGlobalSection
EndGlobal
